
Microsoft Visual Studio Solution File, Format Version 12.00
# Visual Studio 15
VisualStudioVersion = 15.0.28307.168
MinimumVisualStudioVersion = 10.0.40219.1
Project("{9A19103F-16F7-4668-BE54-9A1E7A4F7556}") = "NET-GRAM", "NET-GRAM\NET-GRAM.csproj", "{EE92007F-E159-4955-8152-AB2D6C847DB1}"
EndProject
Global
	GlobalSection(SolutionConfigurationPlatforms) = preSolution
		Debug|Any CPU = Debug|Any CPU
		Release|Any CPU = Release|Any CPU
	EndGlobalSection
	GlobalSection(ProjectConfigurationPlatforms) = postSolution
		{EE92007F-E159-4955-8152-AB2D6C847DB1}.Debug|Any CPU.ActiveCfg = Debug|Any CPU
		{EE92007F-E159-4955-8152-AB2D6C847DB1}.Debug|Any CPU.Build.0 = Debug|Any CPU
		{EE92007F-E159-4955-8152-AB2D6C847DB1}.Release|Any CPU.ActiveCfg = Release|Any CPU
		{EE92007F-E159-4955-8152-AB2D6C847DB1}.Release|Any CPU.Build.0 = Release|Any CPU
	EndGlobalSection
	GlobalSection(SolutionProperties) = preSolution
		HideSolutionNode = FALSE
	EndGlobalSection
	GlobalSection(ExtensibilityGlobals) = postSolution
		SolutionGuid = {96FDBE4E-30B0-4B3E-BD05-E656588CE8B2}
	EndGlobalSection
EndGlobal
